
Microsoft Visual Studio Solution File, Format Version 11.00
# Visual Studio 2010
Project("{FAE04EC0-301F-11D3-BF4B-00C04F79EFBC}") = "A cool launcher", "A cool launcher\A cool launcher.csproj", "{83324C8E-BD95-4D15-A725-71C905929C02}"
EndProject
Project("{8BC9CEB8-8B4A-11D0-8D11-00A0C91BC942}") = "A cool trainer", "A cool trainer\A cool trainer.vcxproj", "{D41B333F-6043-4159-879E-56D1E2297F62}"
EndProject
Global
	GlobalSection(SolutionConfigurationPlatforms) = preSolution
		Debug|Mixed Platforms = Debug|Mixed Platforms
		Debug|Win32 = Debug|Win32
		Debug|x86 = Debug|x86
		Release|Mixed Platforms = Release|Mixed Platforms
		Release|Win32 = Release|Win32
		Release|x86 = Release|x86
	EndGlobalSection
	GlobalSection(ProjectConfigurationPlatforms) = postSolution
		{83324C8E-BD95-4D15-A725-71C905929C02}.Debug|Mixed Platforms.ActiveCfg = Debug|x86
		{83324C8E-BD95-4D15-A725-71C905929C02}.Debug|Mixed Platforms.Build.0 = Debug|x86
		{83324C8E-BD95-4D15-A725-71C905929C02}.Debug|Win32.ActiveCfg = Debug|x86
		{83324C8E-BD95-4D15-A725-71C905929C02}.Debug|x86.ActiveCfg = Debug|x86
		{83324C8E-BD95-4D15-A725-71C905929C02}.Debug|x86.Build.0 = Debug|x86
		{83324C8E-BD95-4D15-A725-71C905929C02}.Release|Mixed Platforms.ActiveCfg = Release|x86
		{83324C8E-BD95-4D15-A725-71C905929C02}.Release|Mixed Platforms.Build.0 = Release|x86
		{83324C8E-BD95-4D15-A725-71C905929C02}.Release|Win32.ActiveCfg = Release|x86
		{83324C8E-BD95-4D15-A725-71C905929C02}.Release|x86.ActiveCfg = Release|x86
		{83324C8E-BD95-4D15-A725-71C905929C02}.Release|x86.Build.0 = Release|x86
		{D41B333F-6043-4159-879E-56D1E2297F62}.Debug|Mixed Platforms.ActiveCfg = Debug|Win32
		{D41B333F-6043-4159-879E-56D1E2297F62}.Debug|Mixed Platforms.Build.0 = Debug|Win32
		{D41B333F-6043-4159-879E-56D1E2297F62}.Debug|Win32.ActiveCfg = Debug|Win32
		{D41B333F-6043-4159-879E-56D1E2297F62}.Debug|Win32.Build.0 = Debug|Win32
		{D41B333F-6043-4159-879E-56D1E2297F62}.Debug|x86.ActiveCfg = Debug|Win32
		{D41B333F-6043-4159-879E-56D1E2297F62}.Release|Mixed Platforms.ActiveCfg = Release|Win32
		{D41B333F-6043-4159-879E-56D1E2297F62}.Release|Mixed Platforms.Build.0 = Release|Win32
		{D41B333F-6043-4159-879E-56D1E2297F62}.Release|Win32.ActiveCfg = Release|Win32
		{D41B333F-6043-4159-879E-56D1E2297F62}.Release|Win32.Build.0 = Release|Win32
		{D41B333F-6043-4159-879E-56D1E2297F62}.Release|x86.ActiveCfg = Release|Win32
	EndGlobalSection
	GlobalSection(SolutionProperties) = preSolution
		HideSolutionNode = FALSE
	EndGlobalSection
EndGlobal
